
Microsoft Visual Studio Solution File, Format Version 12.00
# Visual Studio 14
VisualStudioVersion = 14.0.25420.1
MinimumVisualStudioVersion = 10.0.40219.1
Project("{2150E333-8FDC-42A3-9474-1A3956D46DE8}") = "src", "src", "{952C4668-1E4C-4F67-A7F7-9199870BB552}"
EndProject
Project("{2150E333-8FDC-42A3-9474-1A3956D46DE8}") = "Solution Items", "Solution Items", "{277D7763-0D42-4FDB-90EB-35F2CFB53496}"
	ProjectSection(SolutionItems) = preProject
		global.json = global.json
	EndProjectSection
EndProject
Project("{8BB2217D-0F2D-49D1-97BC-3654ED321F3B}") = "SimpleWebEditor", "src\SimpleWebEditor\SimpleWebEditor.xproj", "{6F2BE460-5690-439A-B4A3-EBD660714BC8}"
EndProject
Global
	GlobalSection(SolutionConfigurationPlatforms) = preSolution
		Debug|Any CPU = Debug|Any CPU
		Release|Any CPU = Release|Any CPU
	EndGlobalSection
	GlobalSection(ProjectConfigurationPlatforms) = postSolution
		{6F2BE460-5690-439A-B4A3-EBD660714BC8}.Debug|Any CPU.ActiveCfg = Debug|Any CPU
		{6F2BE460-5690-439A-B4A3-EBD660714BC8}.Debug|Any CPU.Build.0 = Debug|Any CPU
		{6F2BE460-5690-439A-B4A3-EBD660714BC8}.Release|Any CPU.ActiveCfg = Release|Any CPU
		{6F2BE460-5690-439A-B4A3-EBD660714BC8}.Release|Any CPU.Build.0 = Release|Any CPU
	EndGlobalSection
	GlobalSection(SolutionProperties) = preSolution
		HideSolutionNode = FALSE
	EndGlobalSection
	GlobalSection(NestedProjects) = preSolution
		{6F2BE460-5690-439A-B4A3-EBD660714BC8} = {952C4668-1E4C-4F67-A7F7-9199870BB552}
	EndGlobalSection
EndGlobal
